// !$*UTF8*$!
{
	archiveVersion = 1;
	classes = {
	};
	objectVersion = 56;
	objects = {

/* Begin PBXBuildFile section */
		3AD22BB22B4042640026742C /* MeaningApp.swift in Sources */ = {isa = PBXBuildFile; fileRef = 3AD22BB12B4042640026742C /* MeaningApp.swift */; };
		3AD22BB42B4042640026742C /* ContentView.swift in Sources */ = {isa = PBXBuildFile; fileRef = 3AD22BB32B4042640026742C /* ContentView.swift */; };
		3AD22BB62B4042650026742C /* Assets.xcassets in Resources */ = {isa = PBXBuildFile; fileRef = 3AD22BB52B4042650026742C /* Assets.xcassets */; };
		3AD22BB92B4042650026742C /* Preview Assets.xcassets in Resources */ = {isa = PBXBuildFile; fileRef = 3AD22BB82B4042650026742C /* Preview Assets.xcassets */; };
		3AD22BC02B4044250026742C /* LifeValue.swift in Sources */ = {isa = PBXBuildFile; fileRef = 3AD22BBF2B4044250026742C /* LifeValue.swift */; };
		3AD22BC22B4049770026742C /* SaveLifeValuesUseCase.swift in Sources */ = {isa = PBXBuildFile; fileRef = 3AD22BC12B4049770026742C /* SaveLifeValuesUseCase.swift */; };
		3AD22BC42B40497D0026742C /* LoadLifeValuesUseCase.swift in Sources */ = {isa = PBXBuildFile; fileRef = 3AD22BC32B40497D0026742C /* LoadLifeValuesUseCase.swift */; };
		3AD22BC62B40498E0026742C /* LifeValuesUserDefaultsStore.swift in Sources */ = {isa = PBXBuildFile; fileRef = 3AD22BC52B40498E0026742C /* LifeValuesUserDefaultsStore.swift */; };
		3AD22BC82B40533E0026742C /* LifeValue+High.swift in Sources */ = {isa = PBXBuildFile; fileRef = 3AD22BC72B40533E0026742C /* LifeValue+High.swift */; };
		3AD22BCA2B4053500026742C /* LifeValue+Low.swift in Sources */ = {isa = PBXBuildFile; fileRef = 3AD22BC92B4053500026742C /* LifeValue+Low.swift */; };
		3AD22BF52B4057580026742C /* UseCase.swift in Sources */ = {isa = PBXBuildFile; fileRef = 3AD22BF42B4057580026742C /* UseCase.swift */; };
		3AD22BF72B4068E10026742C /* InMemoryStore.swift in Sources */ = {isa = PBXBuildFile; fileRef = 3AD22BF62B4068E10026742C /* InMemoryStore.swift */; };
		3AD22C142B4323E50026742C /* LocalStorage.swift in Sources */ = {isa = PBXBuildFile; fileRef = 3AD22C132B4323E50026742C /* LocalStorage.swift */; };
		3AD22C162B4323EE0026742C /* UserDefaultsStorage.swift in Sources */ = {isa = PBXBuildFile; fileRef = 3AD22C152B4323EE0026742C /* UserDefaultsStorage.swift */; };
		3AD22C182B4324CB0026742C /* LifeValueCollectionsView.swift in Sources */ = {isa = PBXBuildFile; fileRef = 3AD22C172B4324CB0026742C /* LifeValueCollectionsView.swift */; };
/* End PBXBuildFile section */

/* Begin PBXFileReference section */
		3AD22BAE2B4042640026742C /* Meaning.app */ = {isa = PBXFileReference; explicitFileType = wrapper.application; includeInIndex = 0; path = Meaning.app; sourceTree = BUILT_PRODUCTS_DIR; };
		3AD22BB12B4042640026742C /* MeaningApp.swift */ = {isa = PBXFileReference; lastKnownFileType = sourcecode.swift; path = MeaningApp.swift; sourceTree = "<group>"; };
		3AD22BB32B4042640026742C /* ContentView.swift */ = {isa = PBXFileReference; lastKnownFileType = sourcecode.swift; path = ContentView.swift; sourceTree = "<group>"; };
		3AD22BB52B4042650026742C /* Assets.xcassets */ = {isa = PBXFileReference; lastKnownFileType = folder.assetcatalog; path = Assets.xcassets; sourceTree = "<group>"; };
		3AD22BB82B4042650026742C /* Preview Assets.xcassets */ = {isa = PBXFileReference; lastKnownFileType = folder.assetcatalog; path = "Preview Assets.xcassets"; sourceTree = "<group>"; };
		3AD22BBF2B4044250026742C /* LifeValue.swift */ = {isa = PBXFileReference; lastKnownFileType = sourcecode.swift; path = LifeValue.swift; sourceTree = "<group>"; };
		3AD22BC12B4049770026742C /* SaveLifeValuesUseCase.swift */ = {isa = PBXFileReference; lastKnownFileType = sourcecode.swift; path = SaveLifeValuesUseCase.swift; sourceTree = "<group>"; };
		3AD22BC32B40497D0026742C /* LoadLifeValuesUseCase.swift */ = {isa = PBXFileReference; lastKnownFileType = sourcecode.swift; path = LoadLifeValuesUseCase.swift; sourceTree = "<group>"; };
		3AD22BC52B40498E0026742C /* LifeValuesUserDefaultsStore.swift */ = {isa = PBXFileReference; lastKnownFileType = sourcecode.swift; path = LifeValuesUserDefaultsStore.swift; sourceTree = "<group>"; };
		3AD22BC72B40533E0026742C /* LifeValue+High.swift */ = {isa = PBXFileReference; lastKnownFileType = sourcecode.swift; path = "LifeValue+High.swift"; sourceTree = "<group>"; };
		3AD22BC92B4053500026742C /* LifeValue+Low.swift */ = {isa = PBXFileReference; lastKnownFileType = sourcecode.swift; path = "LifeValue+Low.swift"; sourceTree = "<group>"; };
		3AD22BF42B4057580026742C /* UseCase.swift */ = {isa = PBXFileReference; lastKnownFileType = sourcecode.swift; path = UseCase.swift; sourceTree = "<group>"; };
		3AD22BF62B4068E10026742C /* InMemoryStore.swift */ = {isa = PBXFileReference; lastKnownFileType = sourcecode.swift; path = InMemoryStore.swift; sourceTree = "<group>"; };
		3AD22C132B4323E50026742C /* LocalStorage.swift */ = {isa = PBXFileReference; fileEncoding = 4; lastKnownFileType = sourcecode.swift; path = LocalStorage.swift; sourceTree = "<group>"; };
		3AD22C152B4323EE0026742C /* UserDefaultsStorage.swift */ = {isa = PBXFileReference; lastKnownFileType = sourcecode.swift; path = UserDefaultsStorage.swift; sourceTree = "<group>"; };
		3AD22C172B4324CB0026742C /* LifeValueCollectionsView.swift */ = {isa = PBXFileReference; lastKnownFileType = sourcecode.swift; path = LifeValueCollectionsView.swift; sourceTree = "<group>"; };
/* End PBXFileReference section */

/* Begin PBXFrameworksBuildPhase section */
		3AD22BAB2B4042640026742C /* Frameworks */ = {
			isa = PBXFrameworksBuildPhase;
			buildActionMask = 2147483647;
			files = (
			);
			runOnlyForDeploymentPostprocessing = 0;
		};
/* End PBXFrameworksBuildPhase section */

/* Begin PBXGroup section */
		3AD22BA52B4042640026742C = {
			isa = PBXGroup;
			children = (
				3AD22BB02B4042640026742C /* Meaning */,
				3AD22BAF2B4042640026742C /* Products */,
			);
			sourceTree = "<group>";
		};
		3AD22BAF2B4042640026742C /* Products */ = {
			isa = PBXGroup;
			children = (
				3AD22BAE2B4042640026742C /* Meaning.app */,
			);
			name = Products;
			sourceTree = "<group>";
		};
		3AD22BB02B4042640026742C /* Meaning */ = {
			isa = PBXGroup;
			children = (
				3AD22BB12B4042640026742C /* MeaningApp.swift */,
				3AD22BB32B4042640026742C /* ContentView.swift */,
				3AD22C172B4324CB0026742C /* LifeValueCollectionsView.swift */,
				3AD22BF42B4057580026742C /* UseCase.swift */,
				3AD22BF82B4068EA0026742C /* Infrastructure */,
				3AD22BCB2B4053800026742C /* Domain */,
				3AD22BB52B4042650026742C /* Assets.xcassets */,
				3AD22BB72B4042650026742C /* Preview Content */,
			);
			path = Meaning;
			sourceTree = "<group>";
		};
		3AD22BB72B4042650026742C /* Preview Content */ = {
			isa = PBXGroup;
			children = (
				3AD22BB82B4042650026742C /* Preview Assets.xcassets */,
			);
			path = "Preview Content";
			sourceTree = "<group>";
		};
		3AD22BCB2B4053800026742C /* Domain */ = {
			isa = PBXGroup;
			children = (
				3AD22BC32B40497D0026742C /* LoadLifeValuesUseCase.swift */,
				3AD22BC12B4049770026742C /* SaveLifeValuesUseCase.swift */,
				3AD22BBF2B4044250026742C /* LifeValue.swift */,
				3AD22BC92B4053500026742C /* LifeValue+Low.swift */,
				3AD22BC72B40533E0026742C /* LifeValue+High.swift */,
			);
			path = Domain;
			sourceTree = "<group>";
		};
		3AD22BF82B4068EA0026742C /* Infrastructure */ = {
			isa = PBXGroup;
			children = (
				3AD22C132B4323E50026742C /* LocalStorage.swift */,
				3AD22BC52B40498E0026742C /* LifeValuesUserDefaultsStore.swift */,
				3AD22C152B4323EE0026742C /* UserDefaultsStorage.swift */,
				3AD22BF62B4068E10026742C /* InMemoryStore.swift */,
			);
			path = Infrastructure;
			sourceTree = "<group>";
		};
/* End PBXGroup section */

/* Begin PBXNativeTarget section */
		3AD22BAD2B4042640026742C /* Meaning */ = {
			isa = PBXNativeTarget;
			buildConfigurationList = 3AD22BBC2B4042650026742C /* Build configuration list for PBXNativeTarget "Meaning" */;
			buildPhases = (
				3AD22BAA2B4042640026742C /* Sources */,
				3AD22BAB2B4042640026742C /* Frameworks */,
				3AD22BAC2B4042640026742C /* Resources */,
			);
			buildRules = (
			);
			dependencies = (
			);
			name = Meaning;
			productName = Meaning;
			productReference = 3AD22BAE2B4042640026742C /* Meaning.app */;
			productType = "com.apple.product-type.application";
		};
/* End PBXNativeTarget section */

/* Begin PBXProject section */
		3AD22BA62B4042640026742C /* Project object */ = {
			isa = PBXProject;
			attributes = {
				BuildIndependentTargetsInParallel = 1;
				LastSwiftUpdateCheck = 1510;
				LastUpgradeCheck = 1510;
				TargetAttributes = {
					3AD22BAD2B4042640026742C = {
						CreatedOnToolsVersion = 15.1;
					};
				};
			};
			buildConfigurationList = 3AD22BA92B4042640026742C /* Build configuration list for PBXProject "Meaning" */;
			compatibilityVersion = "Xcode 14.0";
			developmentRegion = en;
			hasScannedForEncodings = 0;
			knownRegions = (
				en,
				Base,
			);
			mainGroup = 3AD22BA52B4042640026742C;
			productRefGroup = 3AD22BAF2B4042640026742C /* Products */;
			projectDirPath = "";
			projectRoot = "";
			targets = (
				3AD22BAD2B4042640026742C /* Meaning */,
			);
		};
/* End PBXProject section */

/* Begin PBXResourcesBuildPhase section */
		3AD22BAC2B4042640026742C /* Resources */ = {
			isa = PBXResourcesBuildPhase;
			buildActionMask = 2147483647;
			files = (
				3AD22BB92B4042650026742C /* Preview Assets.xcassets in Resources */,
				3AD22BB62B4042650026742C /* Assets.xcassets in Resources */,
			);
			runOnlyForDeploymentPostprocessing = 0;
		};
/* End PBXResourcesBuildPhase section */

/* Begin PBXSourcesBuildPhase section */
		3AD22BAA2B4042640026742C /* Sources */ = {
			isa = PBXSourcesBuildPhase;
			buildActionMask = 2147483647;
			files = (
				3AD22C142B4323E50026742C /* LocalStorage.swift in Sources */,
				3AD22BCA2B4053500026742C /* LifeValue+Low.swift in Sources */,
				3AD22BC02B4044250026742C /* LifeValue.swift in Sources */,
				3AD22BB42B4042640026742C /* ContentView.swift in Sources */,
				3AD22C162B4323EE0026742C /* UserDefaultsStorage.swift in Sources */,
				3AD22C182B4324CB0026742C /* LifeValueCollectionsView.swift in Sources */,
				3AD22BC22B4049770026742C /* SaveLifeValuesUseCase.swift in Sources */,
				3AD22BB22B4042640026742C /* MeaningApp.swift in Sources */,
				3AD22BC62B40498E0026742C /* LifeValuesUserDefaultsStore.swift in Sources */,
				3AD22BF52B4057580026742C /* UseCase.swift in Sources */,
				3AD22BF72B4068E10026742C /* InMemoryStore.swift in Sources */,
				3AD22BC82B40533E0026742C /* LifeValue+High.swift in Sources */,
				3AD22BC42B40497D0026742C /* LoadLifeValuesUseCase.swift in Sources */,
			);
			runOnlyForDeploymentPostprocessing = 0;
		};
/* End PBXSourcesBuildPhase section */

/* Begin XCBuildConfiguration section */
		3AD22BBA2B4042650026742C /* Debug */ = {
			isa = XCBuildConfiguration;
			buildSettings = {
				ALWAYS_SEARCH_USER_PATHS = NO;
				ASSETCATALOG_COMPILER_GENERATE_SWIFT_ASSET_SYMBOL_EXTENSIONS = YES;
				CLANG_ANALYZER_NONNULL = YES;
				CLANG_ANALYZER_NUMBER_OBJECT_CONVERSION = YES_AGGRESSIVE;
				CLANG_CXX_LANGUAGE_STANDARD = "gnu++20";
				CLANG_ENABLE_MODULES = YES;
				CLANG_ENABLE_OBJC_ARC = YES;
				CLANG_ENABLE_OBJC_WEAK = YES;
				CLANG_WARN_BLOCK_CAPTURE_AUTORELEASING = YES;
				CLANG_WARN_BOOL_CONVERSION = YES;
				CLANG_WARN_COMMA = YES;
				CLANG_WARN_CONSTANT_CONVERSION = YES;
				CLANG_WARN_DEPRECATED_OBJC_IMPLEMENTATIONS = YES;
				CLANG_WARN_DIRECT_OBJC_ISA_USAGE = YES_ERROR;
				CLANG_WARN_DOCUMENTATION_COMMENTS = YES;
				CLANG_WARN_EMPTY_BODY = YES;
				CLANG_WARN_ENUM_CONVERSION = YES;
				CLANG_WARN_INFINITE_RECURSION = YES;
				CLANG_WARN_INT_CONVERSION = YES;
				CLANG_WARN_NON_LITERAL_NULL_CONVERSION = YES;
				CLANG_WARN_OBJC_IMPLICIT_RETAIN_SELF = YES;
				CLANG_WARN_OBJC_LITERAL_CONVERSION = YES;
				CLANG_WARN_OBJC_ROOT_CLASS = YES_ERROR;
				CLANG_WARN_QUOTED_INCLUDE_IN_FRAMEWORK_HEADER = YES;
				CLANG_WARN_RANGE_LOOP_ANALYSIS = YES;
				CLANG_WARN_STRICT_PROTOTYPES = YES;
				CLANG_WARN_SUSPICIOUS_MOVE = YES;
				CLANG_WARN_UNGUARDED_AVAILABILITY = YES_AGGRESSIVE;
				CLANG_WARN_UNREACHABLE_CODE = YES;
				CLANG_WARN__DUPLICATE_METHOD_MATCH = YES;
				COPY_PHASE_STRIP = NO;
				DEBUG_INFORMATION_FORMAT = dwarf;
				ENABLE_STRICT_OBJC_MSGSEND = YES;
				ENABLE_TESTABILITY = YES;
				ENABLE_USER_SCRIPT_SANDBOXING = YES;
				GCC_C_LANGUAGE_STANDARD = gnu17;
				GCC_DYNAMIC_NO_PIC = NO;
				GCC_NO_COMMON_BLOCKS = YES;
				GCC_OPTIMIZATION_LEVEL = 0;
				GCC_PREPROCESSOR_DEFINITIONS = (
					"DEBUG=1",
					"$(inherited)",
				);
				GCC_WARN_64_TO_32_BIT_CONVERSION = YES;
				GCC_WARN_ABOUT_RETURN_TYPE = YES_ERROR;
				GCC_WARN_UNDECLARED_SELECTOR = YES;
				GCC_WARN_UNINITIALIZED_AUTOS = YES_AGGRESSIVE;
				GCC_WARN_UNUSED_FUNCTION = YES;
				GCC_WARN_UNUSED_VARIABLE = YES;
				IPHONEOS_DEPLOYMENT_TARGET = 17.2;
				LOCALIZATION_PREFERS_STRING_CATALOGS = YES;
				MTL_ENABLE_DEBUG_INFO = INCLUDE_SOURCE;
				MTL_FAST_MATH = YES;
				ONLY_ACTIVE_ARCH = YES;
				SDKROOT = iphoneos;
				SWIFT_ACTIVE_COMPILATION_CONDITIONS = "DEBUG $(inherited)";
				SWIFT_OPTIMIZATION_LEVEL = "-Onone";
			};
			name = Debug;
		};
		3AD22BBB2B4042650026742C /* Release */ = {
			isa = XCBuildConfiguration;
			buildSettings = {
				ALWAYS_SEARCH_USER_PATHS = NO;
				ASSETCATALOG_COMPILER_GENERATE_SWIFT_ASSET_SYMBOL_EXTENSIONS = YES;
				CLANG_ANALYZER_NONNULL = YES;
				CLANG_ANALYZER_NUMBER_OBJECT_CONVERSION = YES_AGGRESSIVE;
				CLANG_CXX_LANGUAGE_STANDARD = "gnu++20";
				CLANG_ENABLE_MODULES = YES;
				CLANG_ENABLE_OBJC_ARC = YES;
				CLANG_ENABLE_OBJC_WEAK = YES;
				CLANG_WARN_BLOCK_CAPTURE_AUTORELEASING = YES;
				CLANG_WARN_BOOL_CONVERSION = YES;
				CLANG_WARN_COMMA = YES;
				CLANG_WARN_CONSTANT_CONVERSION = YES;
				CLANG_WARN_DEPRECATED_OBJC_IMPLEMENTATIONS = YES;
				CLANG_WARN_DIRECT_OBJC_ISA_USAGE = YES_ERROR;
				CLANG_WARN_DOCUMENTATION_COMMENTS = YES;
				CLANG_WARN_EMPTY_BODY = YES;
				CLANG_WARN_ENUM_CONVERSION = YES;
				CLANG_WARN_INFINITE_RECURSION = YES;
				CLANG_WARN_INT_CONVERSION = YES;
				CLANG_WARN_NON_LITERAL_NULL_CONVERSION = YES;
				CLANG_WARN_OBJC_IMPLICIT_RETAIN_SELF = YES;
				CLANG_WARN_OBJC_LITERAL_CONVERSION = YES;
				CLANG_WARN_OBJC_ROOT_CLASS = YES_ERROR;
				CLANG_WARN_QUOTED_INCLUDE_IN_FRAMEWORK_HEADER = YES;
				CLANG_WARN_RANGE_LOOP_ANALYSIS = YES;
				CLANG_WARN_STRICT_PROTOTYPES = YES;
				CLANG_WARN_SUSPICIOUS_MOVE = YES;
				CLANG_WARN_UNGUARDED_AVAILABILITY = YES_AGGRESSIVE;
				CLANG_WARN_UNREACHABLE_CODE = YES;
				CLANG_WARN__DUPLICATE_METHOD_MATCH = YES;
				COPY_PHASE_STRIP = NO;
				DEBUG_INFORMATION_FORMAT = "dwarf-with-dsym";
				ENABLE_NS_ASSERTIONS = NO;
				ENABLE_STRICT_OBJC_MSGSEND = YES;
				ENABLE_USER_SCRIPT_SANDBOXING = YES;
				GCC_C_LANGUAGE_STANDARD = gnu17;
				GCC_NO_COMMON_BLOCKS = YES;
				GCC_WARN_64_TO_32_BIT_CONVERSION = YES;
				GCC_WARN_ABOUT_RETURN_TYPE = YES_ERROR;
				GCC_WARN_UNDECLARED_SELECTOR = YES;
				GCC_WARN_UNINITIALIZED_AUTOS = YES_AGGRESSIVE;
				GCC_WARN_UNUSED_FUNCTION = YES;
				GCC_WARN_UNUSED_VARIABLE = YES;
				IPHONEOS_DEPLOYMENT_TARGET = 17.2;
				LOCALIZATION_PREFERS_STRING_CATALOGS = YES;
				MTL_ENABLE_DEBUG_INFO = NO;
				MTL_FAST_MATH = YES;
				SDKROOT = iphoneos;
				SWIFT_COMPILATION_MODE = wholemodule;
				VALIDATE_PRODUCT = YES;
			};
			name = Release;
		};
		3AD22BBD2B4042650026742C /* Debug */ = {
			isa = XCBuildConfiguration;
			buildSettings = {
				ASSETCATALOG_COMPILER_APPICON_NAME = AppIcon;
				ASSETCATALOG_COMPILER_GLOBAL_ACCENT_COLOR_NAME = AccentColor;
				CODE_SIGN_STYLE = Automatic;
				CURRENT_PROJECT_VERSION = 1;
				DEVELOPMENT_ASSET_PATHS = "\"Meaning/Preview Content\"";
				DEVELOPMENT_TEAM = XGBMX3C35J;
				ENABLE_PREVIEWS = YES;
				GENERATE_INFOPLIST_FILE = YES;
				INFOPLIST_KEY_UIApplicationSceneManifest_Generation = YES;
				INFOPLIST_KEY_UIApplicationSupportsIndirectInputEvents = YES;
				INFOPLIST_KEY_UILaunchScreen_Generation = YES;
				INFOPLIST_KEY_UISupportedInterfaceOrientations_iPad = "UIInterfaceOrientationPortrait UIInterfaceOrientationPortraitUpsideDown UIInterfaceOrientationLandscapeLeft UIInterfaceOrientationLandscapeRight";
				INFOPLIST_KEY_UISupportedInterfaceOrientations_iPhone = "UIInterfaceOrientationPortrait UIInterfaceOrientationLandscapeLeft UIInterfaceOrientationLandscapeRight";
				LD_RUNPATH_SEARCH_PATHS = (
					"$(inherited)",
					"@executable_path/Frameworks",
				);
				MARKETING_VERSION = 1.0;
				PRODUCT_BUNDLE_IDENTIFIER = com.bilescu.Meaning;
				PRODUCT_NAME = "$(TARGET_NAME)";
				SUPPORTED_PLATFORMS = "iphoneos iphonesimulator macosx";
				SUPPORTS_MACCATALYST = NO;
				SUPPORTS_MAC_DESIGNED_FOR_IPHONE_IPAD = NO;
				SWIFT_EMIT_LOC_STRINGS = YES;
				SWIFT_VERSION = 5.0;
				TARGETED_DEVICE_FAMILY = "1,2";
			};
			name = Debug;
		};
		3AD22BBE2B4042650026742C /* Release */ = {
			isa = XCBuildConfiguration;
			buildSettings = {
				ASSETCATALOG_COMPILER_APPICON_NAME = AppIcon;
				ASSETCATALOG_COMPILER_GLOBAL_ACCENT_COLOR_NAME = AccentColor;
				CODE_SIGN_STYLE = Automatic;
				CURRENT_PROJECT_VERSION = 1;
				DEVELOPMENT_ASSET_PATHS = "\"Meaning/Preview Content\"";
				DEVELOPMENT_TEAM = XGBMX3C35J;
				ENABLE_PREVIEWS = YES;
				GENERATE_INFOPLIST_FILE = YES;
				INFOPLIST_KEY_UIApplicationSceneManifest_Generation = YES;
				INFOPLIST_KEY_UIApplicationSupportsIndirectInputEvents = YES;
				INFOPLIST_KEY_UILaunchScreen_Generation = YES;
				INFOPLIST_KEY_UISupportedInterfaceOrientations_iPad = "UIInterfaceOrientationPortrait UIInterfaceOrientationPortraitUpsideDown UIInterfaceOrientationLandscapeLeft UIInterfaceOrientationLandscapeRight";
				INFOPLIST_KEY_UISupportedInterfaceOrientations_iPhone = "UIInterfaceOrientationPortrait UIInterfaceOrientationLandscapeLeft UIInterfaceOrientationLandscapeRight";
				LD_RUNPATH_SEARCH_PATHS = (
					"$(inherited)",
					"@executable_path/Frameworks",
				);
				MARKETING_VERSION = 1.0;
				PRODUCT_BUNDLE_IDENTIFIER = com.bilescu.Meaning;
				PRODUCT_NAME = "$(TARGET_NAME)";
				SUPPORTED_PLATFORMS = "iphoneos iphonesimulator macosx";
				SUPPORTS_MACCATALYST = NO;
				SUPPORTS_MAC_DESIGNED_FOR_IPHONE_IPAD = NO;
				SWIFT_EMIT_LOC_STRINGS = YES;
				SWIFT_VERSION = 5.0;
				TARGETED_DEVICE_FAMILY = "1,2";
			};
			name = Release;
		};
/* End XCBuildConfiguration section */

/* Begin XCConfigurationList section */
		3AD22BA92B4042640026742C /* Build configuration list for PBXProject "Meaning" */ = {
			isa = XCConfigurationList;
			buildConfigurations = (
				3AD22BBA2B4042650026742C /* Debug */,
				3AD22BBB2B4042650026742C /* Release */,
			);
			defaultConfigurationIsVisible = 0;
			defaultConfigurationName = Release;
		};
		3AD22BBC2B4042650026742C /* Build configuration list for PBXNativeTarget "Meaning" */ = {
			isa = XCConfigurationList;
			buildConfigurations = (
				3AD22BBD2B4042650026742C /* Debug */,
				3AD22BBE2B4042650026742C /* Release */,
			);
			defaultConfigurationIsVisible = 0;
			defaultConfigurationName = Release;
		};
/* End XCConfigurationList section */
	};
	rootObject = 3AD22BA62B4042640026742C /* Project object */;
}
